
Microsoft Visual Studio Solution File, Format Version 12.00
# Visual Studio Version 17
VisualStudioVersion = 17.2.32616.157
MinimumVisualStudioVersion = 10.0.40219.1
Project("{FAE04EC0-301F-11D3-BF4B-00C04F79EFBC}") = "BasicAddingCalculator", "BasicCalculator\BasicAddingCalculator.csproj", "{9200B174-3938-4CFC-9620-729CA241A667}"
EndProject
Global
	GlobalSection(SolutionConfigurationPlatforms) = preSolution
		Debug|Any CPU = Debug|Any CPU
		Release|Any CPU = Release|Any CPU
	EndGlobalSection
	GlobalSection(ProjectConfigurationPlatforms) = postSolution
		{9200B174-3938-4CFC-9620-729CA241A667}.Debug|Any CPU.ActiveCfg = Debug|Any CPU
		{9200B174-3938-4CFC-9620-729CA241A667}.Debug|Any CPU.Build.0 = Debug|Any CPU
		{9200B174-3938-4CFC-9620-729CA241A667}.Release|Any CPU.ActiveCfg = Release|Any CPU
		{9200B174-3938-4CFC-9620-729CA241A667}.Release|Any CPU.Build.0 = Release|Any CPU
	EndGlobalSection
	GlobalSection(SolutionProperties) = preSolution
		HideSolutionNode = FALSE
	EndGlobalSection
	GlobalSection(ExtensibilityGlobals) = postSolution
		SolutionGuid = {DC81C6A5-9FBF-4EFC-8786-02CDD048B416}
	EndGlobalSection
EndGlobal
